{
  "name": "esper-tests",
  "version": "1.0.0",
  "lockfileVersion": 3,
  "requires": true,
  "packages": {
    "": {
      "name": "esper-tests",
      "version": "1.0.0",
      "license": "ISC",
      "dependencies": {
        "node-api-dotnet": "^0.9.15"
      }
    },
    "node_modules/node-api-dotnet": {
      "version": "0.9.15",
      "resolved": "https://registry.npmjs.org/node-api-dotnet/-/node-api-dotnet-0.9.15.tgz",
      "integrity": "sha512-xJjNRzxjovXpyDeIfg3ER1q7gGJNwRDV0Tvdb2scQBHqpHGrf5s2s9zexNn9wbVboxXpc0YOcOOzcfWjoUgG4A=="
    }
  }
}
